
Microsoft Visual Studio Solution File, Format Version 12.00
# Visual Studio 14
VisualStudioVersion = 14.0.23107.0
MinimumVisualStudioVersion = 10.0.40219.1
Project("{2150E333-8FDC-42A3-9474-1A3956D46DE8}") = "src", "src", "{73B8A70A-BD80-49C5-A305-6E8BA7D6A9B7}"
EndProject
Project("{FAE04EC0-301F-11D3-BF4B-00C04F79EFBC}") = "MyRestaurant.Web", "src\MyRestaurant.Web\MyRestaurant.Web.csproj", "{F2A674D4-CA3F-4609-810E-7E03DD8EE895}"
EndProject
Global
	GlobalSection(SolutionConfigurationPlatforms) = preSolution
		Debug|Any CPU = Debug|Any CPU
		Release|Any CPU = Release|Any CPU
	EndGlobalSection
	GlobalSection(ProjectConfigurationPlatforms) = postSolution
		{F2A674D4-CA3F-4609-810E-7E03DD8EE895}.Debug|Any CPU.ActiveCfg = Debug|Any CPU
		{F2A674D4-CA3F-4609-810E-7E03DD8EE895}.Debug|Any CPU.Build.0 = Debug|Any CPU
		{F2A674D4-CA3F-4609-810E-7E03DD8EE895}.Release|Any CPU.ActiveCfg = Release|Any CPU
		{F2A674D4-CA3F-4609-810E-7E03DD8EE895}.Release|Any CPU.Build.0 = Release|Any CPU
	EndGlobalSection
	GlobalSection(SolutionProperties) = preSolution
		HideSolutionNode = FALSE
	EndGlobalSection
	GlobalSection(NestedProjects) = preSolution
		{F2A674D4-CA3F-4609-810E-7E03DD8EE895} = {73B8A70A-BD80-49C5-A305-6E8BA7D6A9B7}
	EndGlobalSection
EndGlobal
